
Microsoft Visual Studio Solution File, Format Version 12.00
# Visual Studio Version 17
VisualStudioVersion = 17.3.32929.385
MinimumVisualStudioVersion = 10.0.40219.1
Project("{FAE04EC0-301F-11D3-BF4B-00C04F79EFBC}") = "PersonsInfo", "PersonsInfo\PersonsInfo.csproj", "{6C5D6F45-A411-4541-86D5-3F488FA1E8D4}"
EndProject
Global
	GlobalSection(SolutionConfigurationPlatforms) = preSolution
		Debug|Any CPU = Debug|Any CPU
		Release|Any CPU = Release|Any CPU
	EndGlobalSection
	GlobalSection(ProjectConfigurationPlatforms) = postSolution
		{6C5D6F45-A411-4541-86D5-3F488FA1E8D4}.Debug|Any CPU.ActiveCfg = Debug|Any CPU
		{6C5D6F45-A411-4541-86D5-3F488FA1E8D4}.Debug|Any CPU.Build.0 = Debug|Any CPU
		{6C5D6F45-A411-4541-86D5-3F488FA1E8D4}.Release|Any CPU.ActiveCfg = Release|Any CPU
		{6C5D6F45-A411-4541-86D5-3F488FA1E8D4}.Release|Any CPU.Build.0 = Release|Any CPU
	EndGlobalSection
	GlobalSection(SolutionProperties) = preSolution
		HideSolutionNode = FALSE
	EndGlobalSection
	GlobalSection(ExtensibilityGlobals) = postSolution
		SolutionGuid = {48F92AD5-8EDD-4A38-9568-036D4FC24477}
	EndGlobalSection
EndGlobal
