
Microsoft Visual Studio Solution File, Format Version 12.00
# Visual Studio Version 17
VisualStudioVersion = 17.4.33110.190
MinimumVisualStudioVersion = 10.0.40219.1
Project("{9A19103F-16F7-4668-BE54-9A1E7A4F7556}") = "INStock", "INStock\INStock\INStock.csproj", "{74473B01-14CF-493C-9C2A-9DEEAADB5F3B}"
EndProject
Project("{9A19103F-16F7-4668-BE54-9A1E7A4F7556}") = "INStock.Tests", "INStock\INStock.Tests\INStock.Tests.csproj", "{4466A7F7-9016-4B9F-BB58-35B7228526F9}"
EndProject
Global
	GlobalSection(SolutionConfigurationPlatforms) = preSolution
		Debug|Any CPU = Debug|Any CPU
		Release|Any CPU = Release|Any CPU
	EndGlobalSection
	GlobalSection(ProjectConfigurationPlatforms) = postSolution
		{74473B01-14CF-493C-9C2A-9DEEAADB5F3B}.Debug|Any CPU.ActiveCfg = Debug|Any CPU
		{74473B01-14CF-493C-9C2A-9DEEAADB5F3B}.Debug|Any CPU.Build.0 = Debug|Any CPU
		{74473B01-14CF-493C-9C2A-9DEEAADB5F3B}.Release|Any CPU.ActiveCfg = Release|Any CPU
		{74473B01-14CF-493C-9C2A-9DEEAADB5F3B}.Release|Any CPU.Build.0 = Release|Any CPU
		{4466A7F7-9016-4B9F-BB58-35B7228526F9}.Debug|Any CPU.ActiveCfg = Debug|Any CPU
		{4466A7F7-9016-4B9F-BB58-35B7228526F9}.Debug|Any CPU.Build.0 = Debug|Any CPU
		{4466A7F7-9016-4B9F-BB58-35B7228526F9}.Release|Any CPU.ActiveCfg = Release|Any CPU
		{4466A7F7-9016-4B9F-BB58-35B7228526F9}.Release|Any CPU.Build.0 = Release|Any CPU
	EndGlobalSection
	GlobalSection(SolutionProperties) = preSolution
		HideSolutionNode = FALSE
	EndGlobalSection
	GlobalSection(ExtensibilityGlobals) = postSolution
		SolutionGuid = {B077C22D-35DE-45E1-B43C-9DE7C8CCF7A4}
	EndGlobalSection
EndGlobal
