
Microsoft Visual Studio Solution File, Format Version 12.00
# Visual Studio Version 17
VisualStudioVersion = 17.3.32929.385
MinimumVisualStudioVersion = 10.0.40219.1
Project("{FAE04EC0-301F-11D3-BF4B-00C04F79EFBC}") = "Shapes", "Shapes\Shapes.csproj", "{92C1B3CE-B352-4783-AC2B-95603F31318E}"
EndProject
Project("{FAE04EC0-301F-11D3-BF4B-00C04F79EFBC}") = "Cars", "Cars\Cars.csproj", "{32ED56D6-AF58-42BF-9CD0-587F0A8566E2}"
EndProject
Global
	GlobalSection(SolutionConfigurationPlatforms) = preSolution
		Debug|Any CPU = Debug|Any CPU
		Release|Any CPU = Release|Any CPU
	EndGlobalSection
	GlobalSection(ProjectConfigurationPlatforms) = postSolution
		{92C1B3CE-B352-4783-AC2B-95603F31318E}.Debug|Any CPU.ActiveCfg = Debug|Any CPU
		{92C1B3CE-B352-4783-AC2B-95603F31318E}.Debug|Any CPU.Build.0 = Debug|Any CPU
		{92C1B3CE-B352-4783-AC2B-95603F31318E}.Release|Any CPU.ActiveCfg = Release|Any CPU
		{92C1B3CE-B352-4783-AC2B-95603F31318E}.Release|Any CPU.Build.0 = Release|Any CPU
		{32ED56D6-AF58-42BF-9CD0-587F0A8566E2}.Debug|Any CPU.ActiveCfg = Debug|Any CPU
		{32ED56D6-AF58-42BF-9CD0-587F0A8566E2}.Debug|Any CPU.Build.0 = Debug|Any CPU
		{32ED56D6-AF58-42BF-9CD0-587F0A8566E2}.Release|Any CPU.ActiveCfg = Release|Any CPU
		{32ED56D6-AF58-42BF-9CD0-587F0A8566E2}.Release|Any CPU.Build.0 = Release|Any CPU
	EndGlobalSection
	GlobalSection(SolutionProperties) = preSolution
		HideSolutionNode = FALSE
	EndGlobalSection
	GlobalSection(ExtensibilityGlobals) = postSolution
		SolutionGuid = {074471F4-1302-4110-A81E-8A5EE2796BFD}
	EndGlobalSection
EndGlobal
