
Microsoft Visual Studio Solution File, Format Version 12.00
# Visual Studio Version 17
VisualStudioVersion = 17.3.32929.385
MinimumVisualStudioVersion = 10.0.40219.1
Project("{9A19103F-16F7-4668-BE54-9A1E7A4F7556}") = "BookingApp", "BookingApp.csproj", "{A968F894-19E9-451E-8B31-8D1D173E8F4B}"
EndProject
Project("{2150E333-8FDC-42A3-9474-1A3956D46DE8}") = "Solution Items", "Solution Items", "{B4603D15-5D6E-4B4D-8B13-360DE426F873}"
	ProjectSection(SolutionItems) = preProject
		.editorconfig = .editorconfig
	EndProjectSection
EndProject
Project("{FAE04EC0-301F-11D3-BF4B-00C04F79EFBC}") = "TestProject1", "..\TestProject1\TestProject1.csproj", "{7A1373B1-C331-4C99-960E-87DCA28F7BE0}"
EndProject
Global
	GlobalSection(SolutionConfigurationPlatforms) = preSolution
		Debug|Any CPU = Debug|Any CPU
		Release|Any CPU = Release|Any CPU
	EndGlobalSection
	GlobalSection(ProjectConfigurationPlatforms) = postSolution
		{A968F894-19E9-451E-8B31-8D1D173E8F4B}.Debug|Any CPU.ActiveCfg = Debug|Any CPU
		{A968F894-19E9-451E-8B31-8D1D173E8F4B}.Debug|Any CPU.Build.0 = Debug|Any CPU
		{A968F894-19E9-451E-8B31-8D1D173E8F4B}.Release|Any CPU.ActiveCfg = Release|Any CPU
		{A968F894-19E9-451E-8B31-8D1D173E8F4B}.Release|Any CPU.Build.0 = Release|Any CPU
		{7A1373B1-C331-4C99-960E-87DCA28F7BE0}.Debug|Any CPU.ActiveCfg = Debug|Any CPU
		{7A1373B1-C331-4C99-960E-87DCA28F7BE0}.Debug|Any CPU.Build.0 = Debug|Any CPU
		{7A1373B1-C331-4C99-960E-87DCA28F7BE0}.Release|Any CPU.ActiveCfg = Release|Any CPU
		{7A1373B1-C331-4C99-960E-87DCA28F7BE0}.Release|Any CPU.Build.0 = Release|Any CPU
	EndGlobalSection
	GlobalSection(SolutionProperties) = preSolution
		HideSolutionNode = FALSE
	EndGlobalSection
	GlobalSection(ExtensibilityGlobals) = postSolution
		SolutionGuid = {4EDEE598-6EAD-409B-A15C-785C5798C0EE}
	EndGlobalSection
EndGlobal
