
Microsoft Visual Studio Solution File, Format Version 12.00
# Visual Studio Version 17
VisualStudioVersion = 17.4.33110.190
MinimumVisualStudioVersion = 10.0.40219.1
Project("{9A19103F-16F7-4668-BE54-9A1E7A4F7556}") = "P01_HarvestingFields", "P01_HarvestingFields\P01_HarvestingFields.csproj", "{EDA7DB41-C5BA-4D6D-B908-775423389B6F}"
EndProject
Global
	GlobalSection(SolutionConfigurationPlatforms) = preSolution
		Debug|Any CPU = Debug|Any CPU
		Release|Any CPU = Release|Any CPU
	EndGlobalSection
	GlobalSection(ProjectConfigurationPlatforms) = postSolution
		{EDA7DB41-C5BA-4D6D-B908-775423389B6F}.Debug|Any CPU.ActiveCfg = Debug|Any CPU
		{EDA7DB41-C5BA-4D6D-B908-775423389B6F}.Debug|Any CPU.Build.0 = Debug|Any CPU
		{EDA7DB41-C5BA-4D6D-B908-775423389B6F}.Release|Any CPU.ActiveCfg = Release|Any CPU
		{EDA7DB41-C5BA-4D6D-B908-775423389B6F}.Release|Any CPU.Build.0 = Release|Any CPU
	EndGlobalSection
	GlobalSection(SolutionProperties) = preSolution
		HideSolutionNode = FALSE
	EndGlobalSection
	GlobalSection(ExtensibilityGlobals) = postSolution
		SolutionGuid = {3A372AC6-9588-4E64-800F-875D5F2AA893}
	EndGlobalSection
EndGlobal
