
Microsoft Visual Studio Solution File, Format Version 12.00
# Visual Studio Version 17
VisualStudioVersion = 17.4.33110.190
MinimumVisualStudioVersion = 10.0.40219.1
Project("{9A19103F-16F7-4668-BE54-9A1E7A4F7556}") = "Database", "Database\Database.csproj", "{62D7B7B7-1A2F-4ABF-8C0A-E28B2C605502}"
EndProject
Project("{9A19103F-16F7-4668-BE54-9A1E7A4F7556}") = "Database.Tests", "Database.Tests\Database.Tests.csproj", "{19EFF5B4-74D2-4AAB-B009-32DDD2D3508D}"
EndProject
Project("{9A19103F-16F7-4668-BE54-9A1E7A4F7556}") = "DatabaseExtended", "DatabaseExtended\DatabaseExtended.csproj", "{A67B5259-98B9-4289-B0D6-0DDF5D06BC15}"
EndProject
Project("{9A19103F-16F7-4668-BE54-9A1E7A4F7556}") = "DatabaseExtended.Tests", "DatabaseExtended.Tests\DatabaseExtended.Tests.csproj", "{39007C13-A6F7-49F0-9932-A82A564C1E88}"
EndProject
Global
	GlobalSection(SolutionConfigurationPlatforms) = preSolution
		Debug|Any CPU = Debug|Any CPU
		Release|Any CPU = Release|Any CPU
	EndGlobalSection
	GlobalSection(ProjectConfigurationPlatforms) = postSolution
		{62D7B7B7-1A2F-4ABF-8C0A-E28B2C605502}.Debug|Any CPU.ActiveCfg = Debug|Any CPU
		{62D7B7B7-1A2F-4ABF-8C0A-E28B2C605502}.Debug|Any CPU.Build.0 = Debug|Any CPU
		{62D7B7B7-1A2F-4ABF-8C0A-E28B2C605502}.Release|Any CPU.ActiveCfg = Release|Any CPU
		{62D7B7B7-1A2F-4ABF-8C0A-E28B2C605502}.Release|Any CPU.Build.0 = Release|Any CPU
		{19EFF5B4-74D2-4AAB-B009-32DDD2D3508D}.Debug|Any CPU.ActiveCfg = Debug|Any CPU
		{19EFF5B4-74D2-4AAB-B009-32DDD2D3508D}.Debug|Any CPU.Build.0 = Debug|Any CPU
		{19EFF5B4-74D2-4AAB-B009-32DDD2D3508D}.Release|Any CPU.ActiveCfg = Release|Any CPU
		{19EFF5B4-74D2-4AAB-B009-32DDD2D3508D}.Release|Any CPU.Build.0 = Release|Any CPU
		{A67B5259-98B9-4289-B0D6-0DDF5D06BC15}.Debug|Any CPU.ActiveCfg = Debug|Any CPU
		{A67B5259-98B9-4289-B0D6-0DDF5D06BC15}.Debug|Any CPU.Build.0 = Debug|Any CPU
		{A67B5259-98B9-4289-B0D6-0DDF5D06BC15}.Release|Any CPU.ActiveCfg = Release|Any CPU
		{A67B5259-98B9-4289-B0D6-0DDF5D06BC15}.Release|Any CPU.Build.0 = Release|Any CPU
		{39007C13-A6F7-49F0-9932-A82A564C1E88}.Debug|Any CPU.ActiveCfg = Debug|Any CPU
		{39007C13-A6F7-49F0-9932-A82A564C1E88}.Debug|Any CPU.Build.0 = Debug|Any CPU
		{39007C13-A6F7-49F0-9932-A82A564C1E88}.Release|Any CPU.ActiveCfg = Release|Any CPU
		{39007C13-A6F7-49F0-9932-A82A564C1E88}.Release|Any CPU.Build.0 = Release|Any CPU
	EndGlobalSection
	GlobalSection(SolutionProperties) = preSolution
		HideSolutionNode = FALSE
	EndGlobalSection
	GlobalSection(ExtensibilityGlobals) = postSolution
		SolutionGuid = {AE2ABE5B-5634-49AD-9615-46D798031B67}
	EndGlobalSection
EndGlobal
