
Microsoft Visual Studio Solution File, Format Version 12.00
# Visual Studio Version 17
VisualStudioVersion = 17.3.32929.385
MinimumVisualStudioVersion = 10.0.40219.1
Project("{FAE04EC0-301F-11D3-BF4B-00C04F79EFBC}") = "Farm", "Farm\Farm.csproj", "{E94230AA-029B-4427-B998-EC824A40083A}"
EndProject
Project("{FAE04EC0-301F-11D3-BF4B-00C04F79EFBC}") = "CustomRandomList", "CustomRandomList\CustomRandomList.csproj", "{0E2D4AC2-C3E9-477E-96EE-9B8FFCE2099B}"
EndProject
Project("{FAE04EC0-301F-11D3-BF4B-00C04F79EFBC}") = "CustomStack", "CustomStack\CustomStack.csproj", "{B0075759-7925-4CEB-B188-78188E79FFF9}"
EndProject
Global
	GlobalSection(SolutionConfigurationPlatforms) = preSolution
		Debug|Any CPU = Debug|Any CPU
		Release|Any CPU = Release|Any CPU
	EndGlobalSection
	GlobalSection(ProjectConfigurationPlatforms) = postSolution
		{E94230AA-029B-4427-B998-EC824A40083A}.Debug|Any CPU.ActiveCfg = Debug|Any CPU
		{E94230AA-029B-4427-B998-EC824A40083A}.Debug|Any CPU.Build.0 = Debug|Any CPU
		{E94230AA-029B-4427-B998-EC824A40083A}.Release|Any CPU.ActiveCfg = Release|Any CPU
		{E94230AA-029B-4427-B998-EC824A40083A}.Release|Any CPU.Build.0 = Release|Any CPU
		{0E2D4AC2-C3E9-477E-96EE-9B8FFCE2099B}.Debug|Any CPU.ActiveCfg = Debug|Any CPU
		{0E2D4AC2-C3E9-477E-96EE-9B8FFCE2099B}.Debug|Any CPU.Build.0 = Debug|Any CPU
		{0E2D4AC2-C3E9-477E-96EE-9B8FFCE2099B}.Release|Any CPU.ActiveCfg = Release|Any CPU
		{0E2D4AC2-C3E9-477E-96EE-9B8FFCE2099B}.Release|Any CPU.Build.0 = Release|Any CPU
		{B0075759-7925-4CEB-B188-78188E79FFF9}.Debug|Any CPU.ActiveCfg = Debug|Any CPU
		{B0075759-7925-4CEB-B188-78188E79FFF9}.Debug|Any CPU.Build.0 = Debug|Any CPU
		{B0075759-7925-4CEB-B188-78188E79FFF9}.Release|Any CPU.ActiveCfg = Release|Any CPU
		{B0075759-7925-4CEB-B188-78188E79FFF9}.Release|Any CPU.Build.0 = Release|Any CPU
	EndGlobalSection
	GlobalSection(SolutionProperties) = preSolution
		HideSolutionNode = FALSE
	EndGlobalSection
	GlobalSection(ExtensibilityGlobals) = postSolution
		SolutionGuid = {192E0F6C-A7A9-4161-AB11-8E4D6A6173D9}
	EndGlobalSection
EndGlobal
