
Microsoft Visual Studio Solution File, Format Version 12.00
# Visual Studio Version 17
VisualStudioVersion = 17.3.32929.385
MinimumVisualStudioVersion = 10.0.40219.1
Project("{FAE04EC0-301F-11D3-BF4B-00C04F79EFBC}") = "01.ClassBoxData", "01.ClassBoxData\01.ClassBoxData.csproj", "{324F2F8C-2D09-4465-97EF-3AC8675E1195}"
EndProject
Project("{9A19103F-16F7-4668-BE54-9A1E7A4F7556}") = "AnimalFarm", "AnimalFarm\AnimalFarm.csproj", "{1FBAE7D4-4DA6-4159-B94D-70F8CC3CA0D9}"
EndProject
Project("{FAE04EC0-301F-11D3-BF4B-00C04F79EFBC}") = "03.ShoppingSpree", "03.ShoppingSpree\03.ShoppingSpree.csproj", "{4B035031-2084-4B4F-B454-D1F43F389520}"
EndProject
Project("{FAE04EC0-301F-11D3-BF4B-00C04F79EFBC}") = "04.PizzaCalories", "04.PizzaCalories\04.PizzaCalories.csproj", "{90CEFC04-C3A3-4C12-8CB9-A6413F9BE48C}"
EndProject
Global
	GlobalSection(SolutionConfigurationPlatforms) = preSolution
		Debug|Any CPU = Debug|Any CPU
		Release|Any CPU = Release|Any CPU
	EndGlobalSection
	GlobalSection(ProjectConfigurationPlatforms) = postSolution
		{324F2F8C-2D09-4465-97EF-3AC8675E1195}.Debug|Any CPU.ActiveCfg = Debug|Any CPU
		{324F2F8C-2D09-4465-97EF-3AC8675E1195}.Debug|Any CPU.Build.0 = Debug|Any CPU
		{324F2F8C-2D09-4465-97EF-3AC8675E1195}.Release|Any CPU.ActiveCfg = Release|Any CPU
		{324F2F8C-2D09-4465-97EF-3AC8675E1195}.Release|Any CPU.Build.0 = Release|Any CPU
		{1FBAE7D4-4DA6-4159-B94D-70F8CC3CA0D9}.Debug|Any CPU.ActiveCfg = Debug|Any CPU
		{1FBAE7D4-4DA6-4159-B94D-70F8CC3CA0D9}.Debug|Any CPU.Build.0 = Debug|Any CPU
		{1FBAE7D4-4DA6-4159-B94D-70F8CC3CA0D9}.Release|Any CPU.ActiveCfg = Release|Any CPU
		{1FBAE7D4-4DA6-4159-B94D-70F8CC3CA0D9}.Release|Any CPU.Build.0 = Release|Any CPU
		{4B035031-2084-4B4F-B454-D1F43F389520}.Debug|Any CPU.ActiveCfg = Debug|Any CPU
		{4B035031-2084-4B4F-B454-D1F43F389520}.Debug|Any CPU.Build.0 = Debug|Any CPU
		{4B035031-2084-4B4F-B454-D1F43F389520}.Release|Any CPU.ActiveCfg = Release|Any CPU
		{4B035031-2084-4B4F-B454-D1F43F389520}.Release|Any CPU.Build.0 = Release|Any CPU
		{90CEFC04-C3A3-4C12-8CB9-A6413F9BE48C}.Debug|Any CPU.ActiveCfg = Debug|Any CPU
		{90CEFC04-C3A3-4C12-8CB9-A6413F9BE48C}.Debug|Any CPU.Build.0 = Debug|Any CPU
		{90CEFC04-C3A3-4C12-8CB9-A6413F9BE48C}.Release|Any CPU.ActiveCfg = Release|Any CPU
		{90CEFC04-C3A3-4C12-8CB9-A6413F9BE48C}.Release|Any CPU.Build.0 = Release|Any CPU
	EndGlobalSection
	GlobalSection(SolutionProperties) = preSolution
		HideSolutionNode = FALSE
	EndGlobalSection
	GlobalSection(ExtensibilityGlobals) = postSolution
		SolutionGuid = {6CE5E44F-C5B2-4476-8971-5E858CC4B977}
	EndGlobalSection
EndGlobal
